
Microsoft Visual Studio Solution File, Format Version 12.00
# Visual Studio Version 17
VisualStudioVersion = 17.3.32922.545
MinimumVisualStudioVersion = 10.0.40219.1
Project("{FAE04EC0-301F-11D3-BF4B-00C04F79EFBC}") = "BarcodeIdentity", "BarcodeIdentity\BarcodeIdentity.csproj", "{1758BFB3-891C-4D26-B1C1-4EDA2CFADDB5}"
EndProject
Global
	GlobalSection(SolutionConfigurationPlatforms) = preSolution
		Debug|Any CPU = Debug|Any CPU
		Release|Any CPU = Release|Any CPU
	EndGlobalSection
	GlobalSection(ProjectConfigurationPlatforms) = postSolution
		{1758BFB3-891C-4D26-B1C1-4EDA2CFADDB5}.Debug|Any CPU.ActiveCfg = Debug|Any CPU
		{1758BFB3-891C-4D26-B1C1-4EDA2CFADDB5}.Debug|Any CPU.Build.0 = Debug|Any CPU
		{1758BFB3-891C-4D26-B1C1-4EDA2CFADDB5}.Release|Any CPU.ActiveCfg = Release|Any CPU
		{1758BFB3-891C-4D26-B1C1-4EDA2CFADDB5}.Release|Any CPU.Build.0 = Release|Any CPU
	EndGlobalSection
	GlobalSection(SolutionProperties) = preSolution
		HideSolutionNode = FALSE
	EndGlobalSection
	GlobalSection(ExtensibilityGlobals) = postSolution
		SolutionGuid = {C3C3A485-FD6A-41CC-9D4A-8F62301CED6D}
	EndGlobalSection
EndGlobal
